
Microsoft Visual Studio Solution File, Format Version 12.00
# Visual Studio Version 17
VisualStudioVersion = 17.2.32519.379
MinimumVisualStudioVersion = 10.0.40219.1
Project("{9A19103F-16F7-4668-BE54-9A1E7A4F7556}") = "ZTM DS Algo", "ZTM DS Algo\ZTM DS Algo.csproj", "{22536DF0-DE4A-45D6-89B4-4A71A9499F18}"
EndProject
Project("{9A19103F-16F7-4668-BE54-9A1E7A4F7556}") = "ArrayExcersize", "ConsoleApp1\ArrayExcersize.csproj", "{FA3957C7-98FF-4C08-88DE-2456CA2C69EF}"
EndProject
Project("{9A19103F-16F7-4668-BE54-9A1E7A4F7556}") = "Leetcode_array", "Leetcode_array\Leetcode_array.csproj", "{3CAA5693-DA7C-433F-9D3C-0EC2ECAAF28F}"
EndProject
Project("{9A19103F-16F7-4668-BE54-9A1E7A4F7556}") = "HashTableExcersize", "HashTableExcersize\HashTableExcersize.csproj", "{FEF8A931-3334-4D47-A0DB-42A8FF41B582}"
EndProject
Project("{9A19103F-16F7-4668-BE54-9A1E7A4F7556}") = "LinkedListExcercize", "LinkedListExcercize\LinkedListExcercize.csproj", "{44FB1E36-F587-44EB-9AB1-DEAC64B10B62}"
EndProject
Project("{9A19103F-16F7-4668-BE54-9A1E7A4F7556}") = "TreesExcersize", "TreesExcersize\TreesExcersize.csproj", "{BAADEF09-391C-4A64-976C-E04B9365BA98}"
EndProject
Project("{FAE04EC0-301F-11D3-BF4B-00C04F79EFBC}") = "GraphExcersize", "GraphExcersize\GraphExcersize.csproj", "{E77C54AE-8487-44E7-9090-1E102B6B6753}"
EndProject
Global
	GlobalSection(SolutionConfigurationPlatforms) = preSolution
		Debug|Any CPU = Debug|Any CPU
		Release|Any CPU = Release|Any CPU
	EndGlobalSection
	GlobalSection(ProjectConfigurationPlatforms) = postSolution
		{22536DF0-DE4A-45D6-89B4-4A71A9499F18}.Debug|Any CPU.ActiveCfg = Debug|Any CPU
		{22536DF0-DE4A-45D6-89B4-4A71A9499F18}.Debug|Any CPU.Build.0 = Debug|Any CPU
		{22536DF0-DE4A-45D6-89B4-4A71A9499F18}.Release|Any CPU.ActiveCfg = Release|Any CPU
		{22536DF0-DE4A-45D6-89B4-4A71A9499F18}.Release|Any CPU.Build.0 = Release|Any CPU
		{FA3957C7-98FF-4C08-88DE-2456CA2C69EF}.Debug|Any CPU.ActiveCfg = Debug|Any CPU
		{FA3957C7-98FF-4C08-88DE-2456CA2C69EF}.Debug|Any CPU.Build.0 = Debug|Any CPU
		{FA3957C7-98FF-4C08-88DE-2456CA2C69EF}.Release|Any CPU.ActiveCfg = Release|Any CPU
		{FA3957C7-98FF-4C08-88DE-2456CA2C69EF}.Release|Any CPU.Build.0 = Release|Any CPU
		{3CAA5693-DA7C-433F-9D3C-0EC2ECAAF28F}.Debug|Any CPU.ActiveCfg = Debug|Any CPU
		{3CAA5693-DA7C-433F-9D3C-0EC2ECAAF28F}.Debug|Any CPU.Build.0 = Debug|Any CPU
		{3CAA5693-DA7C-433F-9D3C-0EC2ECAAF28F}.Release|Any CPU.ActiveCfg = Release|Any CPU
		{3CAA5693-DA7C-433F-9D3C-0EC2ECAAF28F}.Release|Any CPU.Build.0 = Release|Any CPU
		{FEF8A931-3334-4D47-A0DB-42A8FF41B582}.Debug|Any CPU.ActiveCfg = Debug|Any CPU
		{FEF8A931-3334-4D47-A0DB-42A8FF41B582}.Debug|Any CPU.Build.0 = Debug|Any CPU
		{FEF8A931-3334-4D47-A0DB-42A8FF41B582}.Release|Any CPU.ActiveCfg = Release|Any CPU
		{FEF8A931-3334-4D47-A0DB-42A8FF41B582}.Release|Any CPU.Build.0 = Release|Any CPU
		{44FB1E36-F587-44EB-9AB1-DEAC64B10B62}.Debug|Any CPU.ActiveCfg = Debug|Any CPU
		{44FB1E36-F587-44EB-9AB1-DEAC64B10B62}.Debug|Any CPU.Build.0 = Debug|Any CPU
		{44FB1E36-F587-44EB-9AB1-DEAC64B10B62}.Release|Any CPU.ActiveCfg = Release|Any CPU
		{44FB1E36-F587-44EB-9AB1-DEAC64B10B62}.Release|Any CPU.Build.0 = Release|Any CPU
		{BAADEF09-391C-4A64-976C-E04B9365BA98}.Debug|Any CPU.ActiveCfg = Debug|Any CPU
		{BAADEF09-391C-4A64-976C-E04B9365BA98}.Debug|Any CPU.Build.0 = Debug|Any CPU
		{BAADEF09-391C-4A64-976C-E04B9365BA98}.Release|Any CPU.ActiveCfg = Release|Any CPU
		{BAADEF09-391C-4A64-976C-E04B9365BA98}.Release|Any CPU.Build.0 = Release|Any CPU
		{E77C54AE-8487-44E7-9090-1E102B6B6753}.Debug|Any CPU.ActiveCfg = Debug|Any CPU
		{E77C54AE-8487-44E7-9090-1E102B6B6753}.Debug|Any CPU.Build.0 = Debug|Any CPU
		{E77C54AE-8487-44E7-9090-1E102B6B6753}.Release|Any CPU.ActiveCfg = Release|Any CPU
		{E77C54AE-8487-44E7-9090-1E102B6B6753}.Release|Any CPU.Build.0 = Release|Any CPU
	EndGlobalSection
	GlobalSection(SolutionProperties) = preSolution
		HideSolutionNode = FALSE
	EndGlobalSection
	GlobalSection(ExtensibilityGlobals) = postSolution
		SolutionGuid = {BCFF9C1D-4D4A-471C-8B8F-9FFC088792DA}
	EndGlobalSection
EndGlobal
